
Microsoft Visual Studio Solution File, Format Version 12.00
# Visual Studio Version 17
VisualStudioVersion = 17.7.34024.191
MinimumVisualStudioVersion = 10.0.40219.1
Project("{FAE04EC0-301F-11D3-BF4B-00C04F79EFBC}") = "Upgift2Vision", "Upgift2Vision\Upgift2Vision.csproj", "{89458852-7059-4A03-9BA5-AA88D79EC5C7}"
EndProject
Global
	GlobalSection(SolutionConfigurationPlatforms) = preSolution
		Debug|Any CPU = Debug|Any CPU
		Release|Any CPU = Release|Any CPU
	EndGlobalSection
	GlobalSection(ProjectConfigurationPlatforms) = postSolution
		{89458852-7059-4A03-9BA5-AA88D79EC5C7}.Debug|Any CPU.ActiveCfg = Debug|Any CPU
		{89458852-7059-4A03-9BA5-AA88D79EC5C7}.Debug|Any CPU.Build.0 = Debug|Any CPU
		{89458852-7059-4A03-9BA5-AA88D79EC5C7}.Release|Any CPU.ActiveCfg = Release|Any CPU
		{89458852-7059-4A03-9BA5-AA88D79EC5C7}.Release|Any CPU.Build.0 = Release|Any CPU
	EndGlobalSection
	GlobalSection(SolutionProperties) = preSolution
		HideSolutionNode = FALSE
	EndGlobalSection
	GlobalSection(ExtensibilityGlobals) = postSolution
		SolutionGuid = {C5E82948-A24E-4C54-91C5-B3D4FFC700D5}
	EndGlobalSection
EndGlobal
